
Microsoft Visual Studio Solution File, Format Version 12.00
Project("{FAE04EC0-301F-11D3-BF4B-00C04F79EFBC}") = "SoftUniDI_Framework", "SoftUniDI_Framework\SoftUniDI_Framework.csproj", "{00F64825-2291-44A4-950E-9BCB2BB9D03C}"
EndProject
Project("{FAE04EC0-301F-11D3-BF4B-00C04F79EFBC}") = "Demo", "Demo\Demo.csproj", "{5E3128DF-1165-444F-A39D-6EFBAF8DED51}"
EndProject
Global
	GlobalSection(SolutionConfigurationPlatforms) = preSolution
		Debug|Any CPU = Debug|Any CPU
		Release|Any CPU = Release|Any CPU
	EndGlobalSection
	GlobalSection(ProjectConfigurationPlatforms) = postSolution
		{00F64825-2291-44A4-950E-9BCB2BB9D03C}.Debug|Any CPU.ActiveCfg = Debug|Any CPU
		{00F64825-2291-44A4-950E-9BCB2BB9D03C}.Debug|Any CPU.Build.0 = Debug|Any CPU
		{00F64825-2291-44A4-950E-9BCB2BB9D03C}.Release|Any CPU.ActiveCfg = Release|Any CPU
		{00F64825-2291-44A4-950E-9BCB2BB9D03C}.Release|Any CPU.Build.0 = Release|Any CPU
		{5E3128DF-1165-444F-A39D-6EFBAF8DED51}.Debug|Any CPU.ActiveCfg = Debug|Any CPU
		{5E3128DF-1165-444F-A39D-6EFBAF8DED51}.Debug|Any CPU.Build.0 = Debug|Any CPU
		{5E3128DF-1165-444F-A39D-6EFBAF8DED51}.Release|Any CPU.ActiveCfg = Release|Any CPU
		{5E3128DF-1165-444F-A39D-6EFBAF8DED51}.Release|Any CPU.Build.0 = Release|Any CPU
	EndGlobalSection
EndGlobal
